
Microsoft Visual Studio Solution File, Format Version 12.00
# Visual Studio Version 17
VisualStudioVersion = 17.10.35013.160
MinimumVisualStudioVersion = 10.0.40219.1
Project("{FAE04EC0-301F-11D3-BF4B-00C04F79EFBC}") = "Classes and More 1", "Classes and More 1\Classes and More 1.csproj", "{04E2D59E-7976-4105-9710-43A12436D8AE}"
EndProject
Global
	GlobalSection(SolutionConfigurationPlatforms) = preSolution
		Debug|Any CPU = Debug|Any CPU
		Release|Any CPU = Release|Any CPU
	EndGlobalSection
	GlobalSection(ProjectConfigurationPlatforms) = postSolution
		{04E2D59E-7976-4105-9710-43A12436D8AE}.Debug|Any CPU.ActiveCfg = Debug|Any CPU
		{04E2D59E-7976-4105-9710-43A12436D8AE}.Debug|Any CPU.Build.0 = Debug|Any CPU
		{04E2D59E-7976-4105-9710-43A12436D8AE}.Release|Any CPU.ActiveCfg = Release|Any CPU
		{04E2D59E-7976-4105-9710-43A12436D8AE}.Release|Any CPU.Build.0 = Release|Any CPU
	EndGlobalSection
	GlobalSection(SolutionProperties) = preSolution
		HideSolutionNode = FALSE
	EndGlobalSection
	GlobalSection(ExtensibilityGlobals) = postSolution
		SolutionGuid = {FBCF054C-723B-4E7A-B093-D96460189448}
	EndGlobalSection
EndGlobal
