
Microsoft Visual Studio Solution File, Format Version 12.00
# Visual Studio 2012
Project("{FAE04EC0-301F-11D3-BF4B-00C04F79EFBC}") = "Bank Management System", "Bank Management System\Bank Management System.csproj", "{7A270A32-A47A-485B-ABD2-EE8160B8816A}"
EndProject
Global
	GlobalSection(SolutionConfigurationPlatforms) = preSolution
		Debug|Any CPU = Debug|Any CPU
		Release|Any CPU = Release|Any CPU
	EndGlobalSection
	GlobalSection(ProjectConfigurationPlatforms) = postSolution
		{7A270A32-A47A-485B-ABD2-EE8160B8816A}.Debug|Any CPU.ActiveCfg = Debug|Any CPU
		{7A270A32-A47A-485B-ABD2-EE8160B8816A}.Debug|Any CPU.Build.0 = Debug|Any CPU
		{7A270A32-A47A-485B-ABD2-EE8160B8816A}.Release|Any CPU.ActiveCfg = Release|Any CPU
		{7A270A32-A47A-485B-ABD2-EE8160B8816A}.Release|Any CPU.Build.0 = Release|Any CPU
	EndGlobalSection
	GlobalSection(SolutionProperties) = preSolution
		HideSolutionNode = FALSE
	EndGlobalSection
EndGlobal
